
Microsoft Visual Studio Solution File, Format Version 12.00
# Visual Studio Version 16
VisualStudioVersion = 16.0.32413.511
MinimumVisualStudioVersion = 10.0.40219.1
Project("{FAE04EC0-301F-11D3-BF4B-00C04F79EFBC}") = "Ejercicio1DeSofiaMarani", "Ejercicio1DeSofiaMarani\Ejercicio1DeSofiaMarani.csproj", "{FA828799-A102-47E8-AA7E-63376E4ABF2B}"
EndProject
Global
	GlobalSection(SolutionConfigurationPlatforms) = preSolution
		Debug|Any CPU = Debug|Any CPU
		Release|Any CPU = Release|Any CPU
	EndGlobalSection
	GlobalSection(ProjectConfigurationPlatforms) = postSolution
		{FA828799-A102-47E8-AA7E-63376E4ABF2B}.Debug|Any CPU.ActiveCfg = Debug|Any CPU
		{FA828799-A102-47E8-AA7E-63376E4ABF2B}.Debug|Any CPU.Build.0 = Debug|Any CPU
		{FA828799-A102-47E8-AA7E-63376E4ABF2B}.Release|Any CPU.ActiveCfg = Release|Any CPU
		{FA828799-A102-47E8-AA7E-63376E4ABF2B}.Release|Any CPU.Build.0 = Release|Any CPU
	EndGlobalSection
	GlobalSection(SolutionProperties) = preSolution
		HideSolutionNode = FALSE
	EndGlobalSection
	GlobalSection(ExtensibilityGlobals) = postSolution
		SolutionGuid = {D5BBC9E6-269C-45A4-A0DD-E71F5DA112BC}
	EndGlobalSection
EndGlobal
